
Microsoft Visual Studio Solution File, Format Version 12.00
# Visual Studio Version 16
VisualStudioVersion = 16.0.31313.79
MinimumVisualStudioVersion = 10.0.40219.1
Project("{9A19103F-16F7-4668-BE54-9A1E7A4F7556}") = "WebAPITest", "WebAPITest\WebAPITest.csproj", "{1AE27564-76D4-41F4-87F0-BBD7924F6668}"
EndProject
Project("{9A19103F-16F7-4668-BE54-9A1E7A4F7556}") = "APITest", "APITest\APITest.csproj", "{9B3FF79F-775B-471D-843E-61133A3DAE07}"
EndProject
Global
	GlobalSection(SolutionConfigurationPlatforms) = preSolution
		Debug|Any CPU = Debug|Any CPU
		Release|Any CPU = Release|Any CPU
	EndGlobalSection
	GlobalSection(ProjectConfigurationPlatforms) = postSolution
		{1AE27564-76D4-41F4-87F0-BBD7924F6668}.Debug|Any CPU.ActiveCfg = Debug|Any CPU
		{1AE27564-76D4-41F4-87F0-BBD7924F6668}.Debug|Any CPU.Build.0 = Debug|Any CPU
		{1AE27564-76D4-41F4-87F0-BBD7924F6668}.Release|Any CPU.ActiveCfg = Release|Any CPU
		{1AE27564-76D4-41F4-87F0-BBD7924F6668}.Release|Any CPU.Build.0 = Release|Any CPU
		{9B3FF79F-775B-471D-843E-61133A3DAE07}.Debug|Any CPU.ActiveCfg = Debug|Any CPU
		{9B3FF79F-775B-471D-843E-61133A3DAE07}.Debug|Any CPU.Build.0 = Debug|Any CPU
		{9B3FF79F-775B-471D-843E-61133A3DAE07}.Release|Any CPU.ActiveCfg = Release|Any CPU
		{9B3FF79F-775B-471D-843E-61133A3DAE07}.Release|Any CPU.Build.0 = Release|Any CPU
	EndGlobalSection
	GlobalSection(SolutionProperties) = preSolution
		HideSolutionNode = FALSE
	EndGlobalSection
	GlobalSection(ExtensibilityGlobals) = postSolution
		SolutionGuid = {16C7A745-C3A7-4130-8B01-9DFD835D15EE}
	EndGlobalSection
EndGlobal
